
Microsoft Visual Studio Solution File, Format Version 12.00
# Visual Studio Version 16
VisualStudioVersion = 16.0.809.0
MinimumVisualStudioVersion = 10.0.40219.1
Project("{FAE04EC0-301F-11D3-BF4B-00C04F79EFBC}") = "RestApp", "RestApp\RestApp.csproj", "{C5081032-416E-40D1-92F1-C1A47988A39C}"
EndProject
Global
	GlobalSection(SolutionConfigurationPlatforms) = preSolution
		Debug|Any CPU = Debug|Any CPU
		Release|Any CPU = Release|Any CPU
	EndGlobalSection
	GlobalSection(ProjectConfigurationPlatforms) = postSolution
		{C5081032-416E-40D1-92F1-C1A47988A39C}.Debug|Any CPU.ActiveCfg = Debug|Any CPU
		{C5081032-416E-40D1-92F1-C1A47988A39C}.Debug|Any CPU.Build.0 = Debug|Any CPU
		{C5081032-416E-40D1-92F1-C1A47988A39C}.Release|Any CPU.ActiveCfg = Release|Any CPU
		{C5081032-416E-40D1-92F1-C1A47988A39C}.Release|Any CPU.Build.0 = Release|Any CPU
	EndGlobalSection
	GlobalSection(SolutionProperties) = preSolution
		HideSolutionNode = FALSE
	EndGlobalSection
	GlobalSection(ExtensibilityGlobals) = postSolution
		SolutionGuid = {E9896295-344C-4A75-91EC-D41D08400B14}
	EndGlobalSection
EndGlobal
